
Microsoft Visual Studio Solution File, Format Version 12.00
Project("{FAE04EC0-301F-11D3-BF4B-00C04F79EFBC}") = "ProjektuppgiftGIK299_Grupp5", "ProjektuppgiftGIK299_Grupp5\ProjektuppgiftGIK299_Grupp5.csproj", "{CED4AD25-B6A4-4242-BA2B-CE6F53BC362C}"
EndProject
Global
	GlobalSection(SolutionConfigurationPlatforms) = preSolution
		Debug|Any CPU = Debug|Any CPU
		Release|Any CPU = Release|Any CPU
	EndGlobalSection
	GlobalSection(ProjectConfigurationPlatforms) = postSolution
		{CED4AD25-B6A4-4242-BA2B-CE6F53BC362C}.Debug|Any CPU.ActiveCfg = Debug|Any CPU
		{CED4AD25-B6A4-4242-BA2B-CE6F53BC362C}.Debug|Any CPU.Build.0 = Debug|Any CPU
		{CED4AD25-B6A4-4242-BA2B-CE6F53BC362C}.Release|Any CPU.ActiveCfg = Release|Any CPU
		{CED4AD25-B6A4-4242-BA2B-CE6F53BC362C}.Release|Any CPU.Build.0 = Release|Any CPU
	EndGlobalSection
EndGlobal
